// !$*UTF8*$!
{
	archiveVersion = 1;
	classes = {
	};
	objectVersion = 50;
	objects = {

/* Begin PBXBuildFile section */
		FAAEF3BA216E967800D97A8D /* AppDelegate.swift in Sources */ = {isa = PBXBuildFile; fileRef = FAAEF3B9216E967800D97A8D /* AppDelegate.swift */; };
		FAAEF3BC216E967800D97A8D /* ViewController.swift in Sources */ = {isa = PBXBuildFile; fileRef = FAAEF3BB216E967800D97A8D /* ViewController.swift */; };
		FAAEF3BF216E967800D97A8D /* Main.storyboard in Resources */ = {isa = PBXBuildFile; fileRef = FAAEF3BD216E967800D97A8D /* Main.storyboard */; };
		FAAEF3C1216E967800D97A8D /* Assets.xcassets in Resources */ = {isa = PBXBuildFile; fileRef = FAAEF3C0216E967800D97A8D /* Assets.xcassets */; };
		FAAEF3C4216E967800D97A8D /* LaunchScreen.storyboard in Resources */ = {isa = PBXBuildFile; fileRef = FAAEF3C2216E967800D97A8D /* LaunchScreen.storyboard */; };
		FAAEF3CD216EA3FB00D97A8D /* MapKit.framework in Frameworks */ = {isa = PBXBuildFile; fileRef = FAAEF3CC216EA3FB00D97A8D /* MapKit.framework */; };
/* End PBXBuildFile section */

/* Begin PBXFileReference section */
		FAAEF3B6216E967800D97A8D /* mapitas.app */ = {isa = PBXFileReference; explicitFileType = wrapper.application; includeInIndex = 0; path = mapitas.app; sourceTree = BUILT_PRODUCTS_DIR; };
		FAAEF3B9216E967800D97A8D /* AppDelegate.swift */ = {isa = PBXFileReference; lastKnownFileType = sourcecode.swift; path = AppDelegate.swift; sourceTree = "<group>"; };
		FAAEF3BB216E967800D97A8D /* ViewController.swift */ = {isa = PBXFileReference; lastKnownFileType = sourcecode.swift; path = ViewController.swift; sourceTree = "<group>"; };
		FAAEF3BE216E967800D97A8D /* Base */ = {isa = PBXFileReference; lastKnownFileType = file.storyboard; name = Base; path = Base.lproj/Main.storyboard; sourceTree = "<group>"; };
		FAAEF3C0216E967800D97A8D /* Assets.xcassets */ = {isa = PBXFileReference; lastKnownFileType = folder.assetcatalog; path = Assets.xcassets; sourceTree = "<group>"; };
		FAAEF3C3216E967800D97A8D /* Base */ = {isa = PBXFileReference; lastKnownFileType = file.storyboard; name = Base; path = Base.lproj/LaunchScreen.storyboard; sourceTree = "<group>"; };
		FAAEF3C5216E967800D97A8D /* Info.plist */ = {isa = PBXFileReference; lastKnownFileType = text.plist.xml; path = Info.plist; sourceTree = "<group>"; };
		FAAEF3CC216EA3FB00D97A8D /* MapKit.framework */ = {isa = PBXFileReference; lastKnownFileType = wrapper.framework; name = MapKit.framework; path = System/Library/Frameworks/MapKit.framework; sourceTree = SDKROOT; };
/* End PBXFileReference section */

/* Begin PBXFrameworksBuildPhase section */
		FAAEF3B3216E967800D97A8D /* Frameworks */ = {
			isa = PBXFrameworksBuildPhase;
			buildActionMask = 2147483647;
			files = (
				FAAEF3CD216EA3FB00D97A8D /* MapKit.framework in Frameworks */,
			);
			runOnlyForDeploymentPostprocessing = 0;
		};
/* End PBXFrameworksBuildPhase section */

/* Begin PBXGroup section */
		FAAEF3AD216E967800D97A8D = {
			isa = PBXGroup;
			children = (
				FAAEF3B8216E967800D97A8D /* mapitas */,
				FAAEF3B7216E967800D97A8D /* Products */,
				FAAEF3CB216EA3FB00D97A8D /* Frameworks */,
			);
			sourceTree = "<group>";
		};
		FAAEF3B7216E967800D97A8D /* Products */ = {
			isa = PBXGroup;
			children = (
				FAAEF3B6216E967800D97A8D /* mapitas.app */,
			);
			name = Products;
			sourceTree = "<group>";
		};
		FAAEF3B8216E967800D97A8D /* mapitas */ = {
			isa = PBXGroup;
			children = (
				FAAEF3B9216E967800D97A8D /* AppDelegate.swift */,
				FAAEF3BB216E967800D97A8D /* ViewController.swift */,
				FAAEF3BD216E967800D97A8D /* Main.storyboard */,
				FAAEF3C0216E967800D97A8D /* Assets.xcassets */,
				FAAEF3C2216E967800D97A8D /* LaunchScreen.storyboard */,
				FAAEF3C5216E967800D97A8D /* Info.plist */,
			);
			path = mapitas;
			sourceTree = "<group>";
		};
		FAAEF3CB216EA3FB00D97A8D /* Frameworks */ = {
			isa = PBXGroup;
			children = (
				FAAEF3CC216EA3FB00D97A8D /* MapKit.framework */,
			);
			name = Frameworks;
			sourceTree = "<group>";
		};
/* End PBXGroup section */

/* Begin PBXNativeTarget section */
		FAAEF3B5216E967800D97A8D /* mapitas */ = {
			isa = PBXNativeTarget;
			buildConfigurationList = FAAEF3C8216E967800D97A8D /* Build configuration list for PBXNativeTarget "mapitas" */;
			buildPhases = (
				FAAEF3B2216E967800D97A8D /* Sources */,
				FAAEF3B3216E967800D97A8D /* Frameworks */,
				FAAEF3B4216E967800D97A8D /* Resources */,
			);
			buildRules = (
			);
			dependencies = (
			);
			name = mapitas;
			productName = mapitas;
			productReference = FAAEF3B6216E967800D97A8D /* mapitas.app */;
			productType = "com.apple.product-type.application";
		};
/* End PBXNativeTarget section */

/* Begin PBXProject section */
		FAAEF3AE216E967800D97A8D /* Project object */ = {
			isa = PBXProject;
			attributes = {
				LastSwiftUpdateCheck = 0940;
				LastUpgradeCheck = 0940;
				ORGANIZATIONNAME = mac;
				TargetAttributes = {
					FAAEF3B5216E967800D97A8D = {
						CreatedOnToolsVersion = 9.4.1;
						SystemCapabilities = {
							com.apple.Maps.iOS = {
								enabled = 1;
							};
						};
					};
				};
			};
			buildConfigurationList = FAAEF3B1216E967800D97A8D /* Build configuration list for PBXProject "mapitas" */;
			compatibilityVersion = "Xcode 9.3";
			developmentRegion = en;
			hasScannedForEncodings = 0;
			knownRegions = (
				en,
				Base,
			);
			mainGroup = FAAEF3AD216E967800D97A8D;
			productRefGroup = FAAEF3B7216E967800D97A8D /* Products */;
			projectDirPath = "";
			projectRoot = "";
			targets = (
				FAAEF3B5216E967800D97A8D /* mapitas */,
			);
		};
/* End PBXProject section */

/* Begin PBXResourcesBuildPhase section */
		FAAEF3B4216E967800D97A8D /* Resources */ = {
			isa = PBXResourcesBuildPhase;
			buildActionMask = 2147483647;
			files = (
				FAAEF3C4216E967800D97A8D /* LaunchScreen.storyboard in Resources */,
				FAAEF3C1216E967800D97A8D /* Assets.xcassets in Resources */,
				FAAEF3BF216E967800D97A8D /* Main.storyboard in Resources */,
			);
			runOnlyForDeploymentPostprocessing = 0;
		};
/* End PBXResourcesBuildPhase section */

/* Begin PBXSourcesBuildPhase section */
		FAAEF3B2216E967800D97A8D /* Sources */ = {
			isa = PBXSourcesBuildPhase;
			buildActionMask = 2147483647;
			files = (
				FAAEF3BC216E967800D97A8D /* ViewController.swift in Sources */,
				FAAEF3BA216E967800D97A8D /* AppDelegate.swift in Sources */,
			);
			runOnlyForDeploymentPostprocessing = 0;
		};
/* End PBXSourcesBuildPhase section */

/* Begin PBXVariantGroup section */
		FAAEF3BD216E967800D97A8D /* Main.storyboard */ = {
			isa = PBXVariantGroup;
			children = (
				FAAEF3BE216E967800D97A8D /* Base */,
			);
			name = Main.storyboard;
			sourceTree = "<group>";
		};
		FAAEF3C2216E967800D97A8D /* LaunchScreen.storyboard */ = {
			isa = PBXVariantGroup;
			children = (
				FAAEF3C3216E967800D97A8D /* Base */,
			);
			name = LaunchScreen.storyboard;
			sourceTree = "<group>";
		};
/* End PBXVariantGroup section */

/* Begin XCBuildConfiguration section */
		FAAEF3C6216E967800D97A8D /* Debug */ = {
			isa = XCBuildConfiguration;
			buildSettings = {
				ALWAYS_SEARCH_USER_PATHS = NO;
				CLANG_ANALYZER_NONNULL = YES;
				CLANG_ANALYZER_NUMBER_OBJECT_CONVERSION = YES_AGGRESSIVE;
				CLANG_CXX_LANGUAGE_STANDARD = "gnu++14";
				CLANG_CXX_LIBRARY = "libc++";
				CLANG_ENABLE_MODULES = YES;
				CLANG_ENABLE_OBJC_ARC = YES;
				CLANG_ENABLE_OBJC_WEAK = YES;
				CLANG_WARN_BLOCK_CAPTURE_AUTORELEASING = YES;
				CLANG_WARN_BOOL_CONVERSION = YES;
				CLANG_WARN_COMMA = YES;
				CLANG_WARN_CONSTANT_CONVERSION = YES;
				CLANG_WARN_DEPRECATED_OBJC_IMPLEMENTATIONS = YES;
				CLANG_WARN_DIRECT_OBJC_ISA_USAGE = YES_ERROR;
				CLANG_WARN_DOCUMENTATION_COMMENTS = YES;
				CLANG_WARN_EMPTY_BODY = YES;
				CLANG_WARN_ENUM_CONVERSION = YES;
				CLANG_WARN_INFINITE_RECURSION = YES;
				CLANG_WARN_INT_CONVERSION = YES;
				CLANG_WARN_NON_LITERAL_NULL_CONVERSION = YES;
				CLANG_WARN_OBJC_IMPLICIT_RETAIN_SELF = YES;
				CLANG_WARN_OBJC_LITERAL_CONVERSION = YES;
				CLANG_WARN_OBJC_ROOT_CLASS = YES_ERROR;
				CLANG_WARN_RANGE_LOOP_ANALYSIS = YES;
				CLANG_WARN_STRICT_PROTOTYPES = YES;
				CLANG_WARN_SUSPICIOUS_MOVE = YES;
				CLANG_WARN_UNGUARDED_AVAILABILITY = YES_AGGRESSIVE;
				CLANG_WARN_UNREACHABLE_CODE = YES;
				CLANG_WARN__DUPLICATE_METHOD_MATCH = YES;
				CODE_SIGN_IDENTITY = "iPhone Developer";
				COPY_PHASE_STRIP = NO;
				DEBUG_INFORMATION_FORMAT = dwarf;
				ENABLE_STRICT_OBJC_MSGSEND = YES;
				ENABLE_TESTABILITY = YES;
				GCC_C_LANGUAGE_STANDARD = gnu11;
				GCC_DYNAMIC_NO_PIC = NO;
				GCC_NO_COMMON_BLOCKS = YES;
				GCC_OPTIMIZATION_LEVEL = 0;
				GCC_PREPROCESSOR_DEFINITIONS = (
					"DEBUG=1",
					"$(inherited)",
				);
				GCC_WARN_64_TO_32_BIT_CONVERSION = YES;
				GCC_WARN_ABOUT_RETURN_TYPE = YES_ERROR;
				GCC_WARN_UNDECLARED_SELECTOR = YES;
				GCC_WARN_UNINITIALIZED_AUTOS = YES_AGGRESSIVE;
				GCC_WARN_UNUSED_FUNCTION = YES;
				GCC_WARN_UNUSED_VARIABLE = YES;
				IPHONEOS_DEPLOYMENT_TARGET = 11.4;
				MTL_ENABLE_DEBUG_INFO = YES;
				ONLY_ACTIVE_ARCH = YES;
				SDKROOT = iphoneos;
				SWIFT_ACTIVE_COMPILATION_CONDITIONS = DEBUG;
				SWIFT_OPTIMIZATION_LEVEL = "-Onone";
			};
			name = Debug;
		};
		FAAEF3C7216E967800D97A8D /* Release */ = {
			isa = XCBuildConfiguration;
			buildSettings = {
				ALWAYS_SEARCH_USER_PATHS = NO;
				CLANG_ANALYZER_NONNULL = YES;
				CLANG_ANALYZER_NUMBER_OBJECT_CONVERSION = YES_AGGRESSIVE;
				CLANG_CXX_LANGUAGE_STANDARD = "gnu++14";
				CLANG_CXX_LIBRARY = "libc++";
				CLANG_ENABLE_MODULES = YES;
				CLANG_ENABLE_OBJC_ARC = YES;
				CLANG_ENABLE_OBJC_WEAK = YES;
				CLANG_WARN_BLOCK_CAPTURE_AUTORELEASING = YES;
				CLANG_WARN_BOOL_CONVERSION = YES;
				CLANG_WARN_COMMA = YES;
				CLANG_WARN_CONSTANT_CONVERSION = YES;
				CLANG_WARN_DEPRECATED_OBJC_IMPLEMENTATIONS = YES;
				CLANG_WARN_DIRECT_OBJC_ISA_USAGE = YES_ERROR;
				CLANG_WARN_DOCUMENTATION_COMMENTS = YES;
				CLANG_WARN_EMPTY_BODY = YES;
				CLANG_WARN_ENUM_CONVERSION = YES;
				CLANG_WARN_INFINITE_RECURSION = YES;
				CLANG_WARN_INT_CONVERSION = YES;
				CLANG_WARN_NON_LITERAL_NULL_CONVERSION = YES;
				CLANG_WARN_OBJC_IMPLICIT_RETAIN_SELF = YES;
				CLANG_WARN_OBJC_LITERAL_CONVERSION = YES;
				CLANG_WARN_OBJC_ROOT_CLASS = YES_ERROR;
				CLANG_WARN_RANGE_LOOP_ANALYSIS = YES;
				CLANG_WARN_STRICT_PROTOTYPES = YES;
				CLANG_WARN_SUSPICIOUS_MOVE = YES;
				CLANG_WARN_UNGUARDED_AVAILABILITY = YES_AGGRESSIVE;
				CLANG_WARN_UNREACHABLE_CODE = YES;
				CLANG_WARN__DUPLICATE_METHOD_MATCH = YES;
				CODE_SIGN_IDENTITY = "iPhone Developer";
				COPY_PHASE_STRIP = NO;
				DEBUG_INFORMATION_FORMAT = "dwarf-with-dsym";
				ENABLE_NS_ASSERTIONS = NO;
				ENABLE_STRICT_OBJC_MSGSEND = YES;
				GCC_C_LANGUAGE_STANDARD = gnu11;
				GCC_NO_COMMON_BLOCKS = YES;
				GCC_WARN_64_TO_32_BIT_CONVERSION = YES;
				GCC_WARN_ABOUT_RETURN_TYPE = YES_ERROR;
				GCC_WARN_UNDECLARED_SELECTOR = YES;
				GCC_WARN_UNINITIALIZED_AUTOS = YES_AGGRESSIVE;
				GCC_WARN_UNUSED_FUNCTION = YES;
				GCC_WARN_UNUSED_VARIABLE = YES;
				IPHONEOS_DEPLOYMENT_TARGET = 11.4;
				MTL_ENABLE_DEBUG_INFO = NO;
				SDKROOT = iphoneos;
				SWIFT_COMPILATION_MODE = wholemodule;
				SWIFT_OPTIMIZATION_LEVEL = "-O";
				VALIDATE_PRODUCT = YES;
			};
			name = Release;
		};
		FAAEF3C9216E967800D97A8D /* Debug */ = {
			isa = XCBuildConfiguration;
			buildSettings = {
				ASSETCATALOG_COMPILER_APPICON_NAME = AppIcon;
				CODE_SIGN_STYLE = Automatic;
				INFOPLIST_FILE = mapitas/Info.plist;
				LD_RUNPATH_SEARCH_PATHS = (
					"$(inherited)",
					"@executable_path/Frameworks",
				);
				PRODUCT_BUNDLE_IDENTIFIER = com.ric.mapitas;
				PRODUCT_NAME = "$(TARGET_NAME)";
				SWIFT_VERSION = 4.0;
				TARGETED_DEVICE_FAMILY = "1,2";
			};
			name = Debug;
		};
		FAAEF3CA216E967800D97A8D /* Release */ = {
			isa = XCBuildConfiguration;
			buildSettings = {
				ASSETCATALOG_COMPILER_APPICON_NAME = AppIcon;
				CODE_SIGN_STYLE = Automatic;
				INFOPLIST_FILE = mapitas/Info.plist;
				LD_RUNPATH_SEARCH_PATHS = (
					"$(inherited)",
					"@executable_path/Frameworks",
				);
				PRODUCT_BUNDLE_IDENTIFIER = com.ric.mapitas;
				PRODUCT_NAME = "$(TARGET_NAME)";
				SWIFT_VERSION = 4.0;
				TARGETED_DEVICE_FAMILY = "1,2";
			};
			name = Release;
		};
/* End XCBuildConfiguration section */

/* Begin XCConfigurationList section */
		FAAEF3B1216E967800D97A8D /* Build configuration list for PBXProject "mapitas" */ = {
			isa = XCConfigurationList;
			buildConfigurations = (
				FAAEF3C6216E967800D97A8D /* Debug */,
				FAAEF3C7216E967800D97A8D /* Release */,
			);
			defaultConfigurationIsVisible = 0;
			defaultConfigurationName = Release;
		};
		FAAEF3C8216E967800D97A8D /* Build configuration list for PBXNativeTarget "mapitas" */ = {
			isa = XCConfigurationList;
			buildConfigurations = (
				FAAEF3C9216E967800D97A8D /* Debug */,
				FAAEF3CA216E967800D97A8D /* Release */,
			);
			defaultConfigurationIsVisible = 0;
			defaultConfigurationName = Release;
		};
/* End XCConfigurationList section */
	};
	rootObject = FAAEF3AE216E967800D97A8D /* Project object */;
}
